
Microsoft Visual Studio Solution File, Format Version 12.00
# Visual Studio Version 17
VisualStudioVersion = 17.14.36804.6 d17.14
MinimumVisualStudioVersion = 10.0.40219.1
Project("{FAE04EC0-301F-11D3-BF4B-00C04F79EFBC}") = "Weddingifts.Api", "Weddingifts.Api.csproj", "{DB9E1B35-BAE1-4F9A-ABB3-006EE00F6BB8}"
EndProject
Global
	GlobalSection(SolutionConfigurationPlatforms) = preSolution
		Debug|Any CPU = Debug|Any CPU
		Release|Any CPU = Release|Any CPU
	EndGlobalSection
	GlobalSection(ProjectConfigurationPlatforms) = postSolution
		{DB9E1B35-BAE1-4F9A-ABB3-006EE00F6BB8}.Debug|Any CPU.ActiveCfg = Debug|Any CPU
		{DB9E1B35-BAE1-4F9A-ABB3-006EE00F6BB8}.Debug|Any CPU.Build.0 = Debug|Any CPU
		{DB9E1B35-BAE1-4F9A-ABB3-006EE00F6BB8}.Release|Any CPU.ActiveCfg = Release|Any CPU
		{DB9E1B35-BAE1-4F9A-ABB3-006EE00F6BB8}.Release|Any CPU.Build.0 = Release|Any CPU
	EndGlobalSection
	GlobalSection(SolutionProperties) = preSolution
		HideSolutionNode = FALSE
	EndGlobalSection
	GlobalSection(ExtensibilityGlobals) = postSolution
		SolutionGuid = {A576517C-A2B6-4B4F-AD3D-08C729114A60}
	EndGlobalSection
EndGlobal
